{
    "_readme": [
        "This file locks the dependencies of your project to a known state",
        "Read more about it at https://getcomposer.org/doc/01-basic-usage.md#composer-lock-the-lock-file",
        "This file is @generated automatically"
    ],
    "hash": "ec95399ee4329dcf7eaad3aa996bc651",
    "content-hash": "5519ce036db964ca824fc9fe54860aa9",
    "packages": [
        {
            "name": "houdunwang/framework",
            "version": "v3.0.9",
            "source": {
                "type": "git",
                "url": "https://github.com/houdunwang/framework.git",
                "reference": "e64fc58a39955e9c02e8e1614a1d82e77def0e59"
            },
            "dist": {
                "type": "zip",
                "url": "https://api.github.com/repos/houdunwang/framework/zipball/e64fc58a39955e9c02e8e1614a1d82e77def0e59",
                "reference": "e64fc58a39955e9c02e8e1614a1d82e77def0e59",
                "shasum": ""
            },
            "type": "project",
            "autoload": {
                "files": [
                    "src/kernel/helper.php"
                ],
                "psr-4": {
                    "hdphp\\": "src/"
                }
            },
            "notification-url": "https://packagist.org/downloads/",
            "license": [
                "MIT"
            ],
            "authors": [
                {
                    "name": "houdunwang",
                    "email": "2300071698@qq.com"
                }
            ],
            "description": "Hdphp Framework (Kernel)",
            "time": "2016-10-24 13:42:08"
        }
    ],
    "packages-dev": [],
    "aliases": [],
    "minimum-stability": "dev",
    "stability-flags": [],
    "prefer-stable": false,
    "prefer-lowest": false,
    "platform": {
        "php": ">=5.4.0"
    },
    "platform-dev": []
}
